
Microsoft Visual Studio Solution File, Format Version 12.00
# Visual Studio Version 16
VisualStudioVersion = 16.0.30907.101
MinimumVisualStudioVersion = 10.0.40219.1
Project("{FAE04EC0-301F-11D3-BF4B-00C04F79EFBC}") = "SimpleCES", "SimpleCES\SimpleCES.csproj", "{59FEE707-185A-4E79-871B-F21429CF5725}"
EndProject
Project("{FAE04EC0-301F-11D3-BF4B-00C04F79EFBC}") = "QSClient", "QSClient\QSClient.csproj", "{342C1D1F-7CB1-4A3D-BE0B-7A615C07A575}"
EndProject
Global
	GlobalSection(SolutionConfigurationPlatforms) = preSolution
		Debug|Any CPU = Debug|Any CPU
		Release|Any CPU = Release|Any CPU
	EndGlobalSection
	GlobalSection(ProjectConfigurationPlatforms) = postSolution
		{59FEE707-185A-4E79-871B-F21429CF5725}.Debug|Any CPU.ActiveCfg = Debug|Any CPU
		{59FEE707-185A-4E79-871B-F21429CF5725}.Debug|Any CPU.Build.0 = Debug|Any CPU
		{59FEE707-185A-4E79-871B-F21429CF5725}.Release|Any CPU.ActiveCfg = Release|Any CPU
		{59FEE707-185A-4E79-871B-F21429CF5725}.Release|Any CPU.Build.0 = Release|Any CPU
		{342C1D1F-7CB1-4A3D-BE0B-7A615C07A575}.Debug|Any CPU.ActiveCfg = Debug|Any CPU
		{342C1D1F-7CB1-4A3D-BE0B-7A615C07A575}.Debug|Any CPU.Build.0 = Debug|Any CPU
		{342C1D1F-7CB1-4A3D-BE0B-7A615C07A575}.Release|Any CPU.ActiveCfg = Release|Any CPU
		{342C1D1F-7CB1-4A3D-BE0B-7A615C07A575}.Release|Any CPU.Build.0 = Release|Any CPU
	EndGlobalSection
	GlobalSection(SolutionProperties) = preSolution
		HideSolutionNode = FALSE
	EndGlobalSection
	GlobalSection(ExtensibilityGlobals) = postSolution
		SolutionGuid = {23F34CF8-341E-41DB-BADF-37A10761F299}
	EndGlobalSection
EndGlobal
